Microsoft Visual Studio Solution File, Format Version 12.00
# Visual Studio 15
VisualStudioVersion = 15.0.26114.2
MinimumVisualStudioVersion = 10.0.40219.1
Project("{9A19103F-16F7-4668-BE54-9A1E7A4F7556}") = "LcdNumbers", "LcdNumbers\LcdNumbers.csproj", "{1877DE41-A59A-4656-80A6-553FCAEAF86A}"
EndProject
Project("{9A19103F-16F7-4668-BE54-9A1E7A4F7556}") = "LcdNumbers.Tests", "LcdNumbers.Tests\LcdNumbers.Tests.csproj", "{410B0C4E-7E54-4DE3-8DD8-8CF036AF6000}"
EndProject
Global
	GlobalSection(SolutionConfigurationPlatforms) = preSolution
		Debug|Any CPU = Debug|Any CPU
		Debug|x64 = Debug|x64
		Debug|x86 = Debug|x86
		Release|Any CPU = Release|Any CPU
		Release|x64 = Release|x64
		Release|x86 = Release|x86
	EndGlobalSection
	GlobalSection(ProjectConfigurationPlatforms) = postSolution
		{1877DE41-A59A-4656-80A6-553FCAEAF86A}.Debug|Any CPU.ActiveCfg = Debug|Any CPU
		{1877DE41-A59A-4656-80A6-553FCAEAF86A}.Debug|Any CPU.Build.0 = Debug|Any CPU
		{1877DE41-A59A-4656-80A6-553FCAEAF86A}.Debug|x64.ActiveCfg = Debug|Any CPU
		{1877DE41-A59A-4656-80A6-553FCAEAF86A}.Debug|x64.Build.0 = Debug|Any CPU
		{1877DE41-A59A-4656-80A6-553FCAEAF86A}.Debug|x86.ActiveCfg = Debug|Any CPU
		{1877DE41-A59A-4656-80A6-553FCAEAF86A}.Debug|x86.Build.0 = Debug|Any CPU
		{1877DE41-A59A-4656-80A6-553FCAEAF86A}.Release|Any CPU.ActiveCfg = Release|Any CPU
		{1877DE41-A59A-4656-80A6-553FCAEAF86A}.Release|Any CPU.Build.0 = Release|Any CPU
		{1877DE41-A59A-4656-80A6-553FCAEAF86A}.Release|x64.ActiveCfg = Release|Any CPU
		{1877DE41-A59A-4656-80A6-553FCAEAF86A}.Release|x64.Build.0 = Release|Any CPU
		{1877DE41-A59A-4656-80A6-553FCAEAF86A}.Release|x86.ActiveCfg = Release|Any CPU
		{1877DE41-A59A-4656-80A6-553FCAEAF86A}.Release|x86.Build.0 = Release|Any CPU
		{410B0C4E-7E54-4DE3-8DD8-8CF036AF6000}.Debug|Any CPU.ActiveCfg = Debug|Any CPU
		{410B0C4E-7E54-4DE3-8DD8-8CF036AF6000}.Debug|Any CPU.Build.0 = Debug|Any CPU
		{410B0C4E-7E54-4DE3-8DD8-8CF036AF6000}.Debug|x64.ActiveCfg = Debug|Any CPU
		{410B0C4E-7E54-4DE3-8DD8-8CF036AF6000}.Debug|x64.Build.0 = Debug|Any CPU
		{410B0C4E-7E54-4DE3-8DD8-8CF036AF6000}.Debug|x86.ActiveCfg = Debug|Any CPU
		{410B0C4E-7E54-4DE3-8DD8-8CF036AF6000}.Debug|x86.Build.0 = Debug|Any CPU
		{410B0C4E-7E54-4DE3-8DD8-8CF036AF6000}.Release|Any CPU.ActiveCfg = Release|Any CPU
		{410B0C4E-7E54-4DE3-8DD8-8CF036AF6000}.Release|Any CPU.Build.0 = Release|Any CPU
		{410B0C4E-7E54-4DE3-8DD8-8CF036AF6000}.Release|x64.ActiveCfg = Release|Any CPU
		{410B0C4E-7E54-4DE3-8DD8-8CF036AF6000}.Release|x64.Build.0 = Release|Any CPU
		{410B0C4E-7E54-4DE3-8DD8-8CF036AF6000}.Release|x86.ActiveCfg = Release|Any CPU
		{410B0C4E-7E54-4DE3-8DD8-8CF036AF6000}.Release|x86.Build.0 = Release|Any CPU
	EndGlobalSection
	GlobalSection(SolutionProperties) = preSolution
		HideSolutionNode = FALSE
	EndGlobalSection
	GlobalSection(ExtensibilityGlobals) = postSolution
		SolutionGuid = {0283DDF3-A552-451E-B039-81958E3250CD}
	EndGlobalSection
EndGlobal
